
Microsoft Visual Studio Solution File, Format Version 11.00
# Visual Studio 2010
Project("{8BC9CEB8-8B4A-11D0-8D11-00A0C91BC942}") = "assignment3", "assignment3.vcxproj", "{2966A51F-5F8C-407E-AC66-6ED3185BA7ED}"
EndProject
Global
	GlobalSection(SolutionConfigurationPlatforms) = preSolution
		Debug|Win32 = Debug|Win32
		Release|Win32 = Release|Win32
	EndGlobalSection
	GlobalSection(ProjectConfigurationPlatforms) = postSolution
		{2966A51F-5F8C-407E-AC66-6ED3185BA7ED}.Debug|Win32.ActiveCfg = Debug|Win32
		{2966A51F-5F8C-407E-AC66-6ED3185BA7ED}.Debug|Win32.Build.0 = Debug|Win32
		{2966A51F-5F8C-407E-AC66-6ED3185BA7ED}.Release|Win32.ActiveCfg = Release|Win32
		{2966A51F-5F8C-407E-AC66-6ED3185BA7ED}.Release|Win32.Build.0 = Release|Win32
	EndGlobalSection
	GlobalSection(SolutionProperties) = preSolution
		HideSolutionNode = FALSE
	EndGlobalSection
EndGlobal
