<?xml version="1.0" encoding="utf-8"?>
<Project ToolsVersion="4.0" xmlns="http://schemas.microsoft.com/developer/msbuild/2003">
  <ItemGroup>
    <Filter Include="Source Files">
      <UniqueIdentifier>{4FC737F1-C7A5-4376-A066-2A32D752A2FF}</UniqueIdentifier>
      <Extensions>cpp;c;cc;cxx;def;odl;idl;hpj;bat;asm;asmx</Extensions>
    </Filter>
    <Filter Include="Header Files">
      <UniqueIdentifier>{93995380-89BD-4b04-88EB-625FBE52EBFB}</UniqueIdentifier>
      <Extensions>h;hpp;hxx;hm;inl;inc;xsd</Extensions>
    </Filter>
    <Filter Include="Resource Files">
      <UniqueIdentifier>{67DA6AB6-F800-4c08-8B7A-83BB121AAD01}</UniqueIdentifier>
      <Extensions>rc;ico;cur;bmp;dlg;rc2;rct;bin;rgs;gif;jpg;jpeg;jpe;resx;tiff;tif;png;wav</Extensions>
    </Filter>
  </ItemGroup>
  <ItemGroup>
    <ClCompile Include="Application.cpp">
      <Filter>Source Files</Filter>
    </ClCompile>
    <ClCompile Include="Calibration.cpp">
      <Filter>Source Files</Filter>
    </ClCompile>
    <ClCompile Include="DepthCamera.cpp">
      <Filter>Source Files</Filter>
    </ClCompile>
    <ClCompile Include="DepthCameraException.cpp">
      <Filter>Source Files</Filter>
    </ClCompile>
    <ClCompile Include="main.cpp">
      <Filter>Source Files</Filter>
    </ClCompile>
    <ClCompile Include="OpenCVUtils.cpp">
      <Filter>Source Files</Filter>
    </ClCompile>
    <ClCompile Include="game\Game.cpp">
      <Filter>Source Files</Filter>
    </ClCompile>
    <ClCompile Include="game\GameClient.cpp">
      <Filter>Source Files</Filter>
    </ClCompile>
    <ClCompile Include="game\GameNetworkClient.cpp">
      <Filter>Source Files</Filter>
    </ClCompile>
    <ClCompile Include="game\GameNetworkInterface.cpp">
      <Filter>Source Files</Filter>
    </ClCompile>
    <ClCompile Include="game\GameNetworkServer.cpp">
      <Filter>Source Files</Filter>
    </ClCompile>
    <ClCompile Include="game\GameObstacle.cpp">
      <Filter>Source Files</Filter>
    </ClCompile>
    <ClCompile Include="game\GameServer.cpp">
      <Filter>Source Files</Filter>
    </ClCompile>
    <ClCompile Include="game\GameUnit.cpp">
      <Filter>Source Files</Filter>
    </ClCompile>
    <ClCompile Include="game\HighlightRequest.cpp">
      <Filter>Source Files</Filter>
    </ClCompile>
    <ClCompile Include="game\Logging.cpp">
      <Filter>Source Files</Filter>
    </ClCompile>
    <ClCompile Include="game\Message.cpp">
      <Filter>Source Files</Filter>
    </ClCompile>
    <ClCompile Include="game\MessageData.cpp">
      <Filter>Source Files</Filter>
    </ClCompile>
    <ClCompile Include="game\MessageHandler.cpp">
      <Filter>Source Files</Filter>
    </ClCompile>
    <ClCompile Include="game\MoveRequest.cpp">
      <Filter>Source Files</Filter>
    </ClCompile>
    <ClCompile Include="game\NetworkClient.cpp">
      <Filter>Source Files</Filter>
    </ClCompile>
    <ClCompile Include="game\NetworkServer.cpp">
      <Filter>Source Files</Filter>
    </ClCompile>
    <ClCompile Include="game\NetworkServerSession.cpp">
      <Filter>Source Files</Filter>
    </ClCompile>
    <ClCompile Include="game\NewPlayerID.cpp">
      <Filter>Source Files</Filter>
    </ClCompile>
    <ClCompile Include="game\PlayerProfile.cpp">
      <Filter>Source Files</Filter>
    </ClCompile>
  </ItemGroup>
  <ItemGroup>
    <ClInclude Include="Application.h">
      <Filter>Header Files</Filter>
    </ClInclude>
    <ClInclude Include="Calibration.h">
      <Filter>Header Files</Filter>
    </ClInclude>
    <ClInclude Include="DepthCamera.h">
      <Filter>Header Files</Filter>
    </ClInclude>
    <ClInclude Include="DepthCameraException.h">
      <Filter>Header Files</Filter>
    </ClInclude>
    <ClInclude Include="OpenCVUtils.h">
      <Filter>Header Files</Filter>
    </ClInclude>
    <ClInclude Include="game\ForwardDeclarations.h">
      <Filter>Header Files</Filter>
    </ClInclude>
    <ClInclude Include="game\Game.h">
      <Filter>Header Files</Filter>
    </ClInclude>
    <ClInclude Include="game\GameClient.h">
      <Filter>Header Files</Filter>
    </ClInclude>
    <ClInclude Include="game\GameNetworkClient.h">
      <Filter>Header Files</Filter>
    </ClInclude>
    <ClInclude Include="game\GameNetworkInterface.h">
      <Filter>Header Files</Filter>
    </ClInclude>
    <ClInclude Include="game\GameNetworkServer.h">
      <Filter>Header Files</Filter>
    </ClInclude>
    <ClInclude Include="game\GameObstacle.h">
      <Filter>Header Files</Filter>
    </ClInclude>
    <ClInclude Include="game\GameServer.h">
      <Filter>Header Files</Filter>
    </ClInclude>
    <ClInclude Include="game\GameUnit.h">
      <Filter>Header Files</Filter>
    </ClInclude>
    <ClInclude Include="game\HighlightRequest.h">
      <Filter>Header Files</Filter>
    </ClInclude>
    <ClInclude Include="game\Logging.h">
      <Filter>Header Files</Filter>
    </ClInclude>
    <ClInclude Include="game\Message.h">
      <Filter>Header Files</Filter>
    </ClInclude>
    <ClInclude Include="game\MessageData.h">
      <Filter>Header Files</Filter>
    </ClInclude>
    <ClInclude Include="game\MessageHandler.h">
      <Filter>Header Files</Filter>
    </ClInclude>
    <ClInclude Include="game\MessageTypes.h">
      <Filter>Header Files</Filter>
    </ClInclude>
    <ClInclude Include="game\MoveRequest.h">
      <Filter>Header Files</Filter>
    </ClInclude>
    <ClInclude Include="game\NetworkClient.h">
      <Filter>Header Files</Filter>
    </ClInclude>
    <ClInclude Include="game\NetworkServer.h">
      <Filter>Header Files</Filter>
    </ClInclude>
    <ClInclude Include="game\NetworkServerSession.h">
      <Filter>Header Files</Filter>
    </ClInclude>
    <ClInclude Include="game\NewPlayerID.h">
      <Filter>Header Files</Filter>
    </ClInclude>
    <ClInclude Include="game\PlayerProfile.h">
      <Filter>Header Files</Filter>
    </ClInclude>
  </ItemGroup>
</Project>